
Microsoft Visual Studio Solution File, Format Version 11.00
# Visual Studio 2010
Project("{FAE04EC0-301F-11D3-BF4B-00C04F79EFBC}") = "SnakeGame", "SnakeGame\SnakeGame.csproj", "{53139764-B54D-4B84-B3E6-018D6A61704D}"
EndProject
Project("{2150E333-8FDC-42A3-9474-1A3956D46DE8}") = "Solution Items", "Solution Items", "{95582D62-40C6-41A6-953D-CFDA1DAB0D5B}"
	ProjectSection(SolutionItems) = preProject
		Local.testsettings = Local.testsettings
		SnakeGame.vsmdi = SnakeGame.vsmdi
		TraceAndTestImpact.testsettings = TraceAndTestImpact.testsettings
	EndProjectSection
EndProject
Global
	GlobalSection(TestCaseManagementSettings) = postSolution
		CategoryFile = SnakeGame.vsmdi
	EndGlobalSection
	GlobalSection(SolutionConfigurationPlatforms) = preSolution
		Debug|Any CPU = Debug|Any CPU
		Debug|Mixed Platforms = Debug|Mixed Platforms
		Debug|x86 = Debug|x86
		Release|Any CPU = Release|Any CPU
		Release|Mixed Platforms = Release|Mixed Platforms
		Release|x86 = Release|x86
	EndGlobalSection
	GlobalSection(ProjectConfigurationPlatforms) = postSolution
		{53139764-B54D-4B84-B3E6-018D6A61704D}.Debug|Any CPU.ActiveCfg = Debug|x86
		{53139764-B54D-4B84-B3E6-018D6A61704D}.Debug|Mixed Platforms.ActiveCfg = Debug|x86
		{53139764-B54D-4B84-B3E6-018D6A61704D}.Debug|Mixed Platforms.Build.0 = Debug|x86
		{53139764-B54D-4B84-B3E6-018D6A61704D}.Debug|x86.ActiveCfg = Debug|x86
		{53139764-B54D-4B84-B3E6-018D6A61704D}.Debug|x86.Build.0 = Debug|x86
		{53139764-B54D-4B84-B3E6-018D6A61704D}.Release|Any CPU.ActiveCfg = Release|x86
		{53139764-B54D-4B84-B3E6-018D6A61704D}.Release|Mixed Platforms.ActiveCfg = Release|x86
		{53139764-B54D-4B84-B3E6-018D6A61704D}.Release|Mixed Platforms.Build.0 = Release|x86
		{53139764-B54D-4B84-B3E6-018D6A61704D}.Release|x86.ActiveCfg = Release|x86
		{53139764-B54D-4B84-B3E6-018D6A61704D}.Release|x86.Build.0 = Release|x86
	EndGlobalSection
	GlobalSection(SolutionProperties) = preSolution
		HideSolutionNode = FALSE
	EndGlobalSection
EndGlobal
